github.com/acoshift/arpc/v2 v2.2.1-0.20250102050709-a32074899462 h1:+pPFCPnADAowHBsuEliLZaQjoh3pvX0lKNY3W3Tqa1g=
github.com/acoshift/arpc/v2 v2.2.1-0.20250102050709-a32074899462/go.mod h1:EZ7M0MpTTDhD8+9k+PbvGGFAoHDhs12442A6VpNDS7A=
github.com/acoshift/configfile v1.9.0 h1:/t8DhgBdYIr15f4BkkM4bDSBWi0+ImKwWgJN/M5Hbb0=
github.com/acoshift/configfile v1.9.0/go.mod h1:4T3q2BRRhEW4lcS0vc1Pruv0/TuBVKOb7F5vUp6ZyAY=
github.com/davecgh/go-spew v1.1.1 h1:vj9j/u1bqnvCEfJOwUhtlOARqs3+rkHYY13jYWTU97c=
github.com/davecgh/go-spew v1.1.1/go.mod h1:J7Y8YcW2NihsgmVo/mv3lAwl/skON4iLHjSsI+c5H38=
github.com/joho/godotenv v1.5.1 h1:7eLL/+HRGLY0ldzfGMeQkb7vMd0as4CfYvUVzLqw0N0=
github.com/joho/godotenv v1.5.1/go.mod h1:f4LDr5Voq0i2e/R5DDNOoa2zzDfwtkZa6DnEwAbqwq4=
github.com/kavu/go_reuseport v1.5.0 h1:UNuiY2OblcqAtVDE8Gsg1kZz8zbBWg907sP1ceBV+bk=
github.com/kavu/go_reuseport v1.5.0/go.mod h1:CG8Ee7ceMFSMnx/xr25Vm0qXaj2Z4i5PWoUx+JZ5/CU=
github.com/moonrhythm/httpmux v1.2.0 h1:9MxKlpRyolg3GDySJGyf4phogVpaClkhbec5eFEu32U=
github.com/moonrhythm/httpmux v1.2.0/go.mod h1:h2GSszA6yEUZiksc9kVNiteLrYeXhDKH9zNaN7RglVE=
github.com/moonrhythm/parapet v0.13.4 h1:EKK6Fk1YHhZE6dPzytiRaNA7Li6BWABfMbvvXHixGfw=
github.com/moonrhythm/parapet v0.13.4/go.mod h1:Cds0PrfsvIuytXKsrBeWhgNMfjwpa1PhTQs1MP2O0Qs=
github.com/moonrhythm/randid v0.0.0-20221104054617-4d762b51a9f1 h1:BCrgTcZPwU/oYwcONer3y4M703jgP9xC4HYVq0vy2pk=
github.com/moonrhythm/randid v0.0.0-20221104054617-4d762b51a9f1/go.mod h1:FP4qeKU/278oLMqvXFhu0kR5Ko3ZSac3wgwYBNGaHuM=
github.com/pmezard/go-difflib v1.0.0 h1:4DBwDE0NGyQoBHbLQYPwSUPoCMWR5BEzIk/f1lZbAQM=
github.com/pmezard/go-difflib v1.0.0/go.mod h1:iKH77koFhYxTK1pcRnkKkqfTogsbg7gZNVY4sRDYZ/4=
github.com/stretchr/testify v1.10.0 h1:Xv5erBjTwe/5IxqUQTdXv5kgmIvbHo3QQyRwhJsOfJA=
github.com/stretchr/testify v1.10.0/go.mod h1:r2ic/lqez/lEtzL7wO/rwa5dbSLXVDPFyf8C91i36aY=
golang.org/x/net v0.22.0 h1:9sGLhx7iRIHEiX0oAJ3MRZMUCElJgy7Br1nO+AMN3Tc=
golang.org/x/net v0.22.0/go.mod h1:JKghWKKOSdJwpW2GEx0Ja7fmaKnMsbu+MWVZTokSYmg=
golang.org/x/text v0.14.0 h1:ScX5w1eTa3QqT8oi6+ziP7dTV1S2+ALU0bI+0zXKWiQ=
golang.org/x/text v0.14.0/go.mod h1:18ZOQIKpY8NJVqYksKHtTdi31H5itFRjB5/qKTNYzSU=
gopkg.in/check.v1 v0.0.0-20161208181325-20d25e280405 h1:yhCVgyC4o1eVCa2tZl7eS0r+SDo693bJlVdllGtEeKM=
gopkg.in/check.v1 v0.0.0-20161208181325-20d25e280405/go.mod h1:Co6ibVJAznAaIkqp8huTwlJQCZ016jof/cbN4VW5Yz0=
gopkg.in/yaml.v3 v3.0.1 h1:fxVm/GzAzEWqLHuvctI91KS9hhNmmWOoWu0XTYJS7CA=
gopkg.in/yaml.v3 v3.0.1/go.mod h1:K4uyk7z7BCEPqu6E+C64Yfv1cQ7kz7rIZviUmN+EgEM=
